{
  "name": "tailwind-playground",
  "version": "1.0.0",
  "lockfileVersion": 1,
  "requires": true,
  "dependencies": {
    "mix-tailwindcss": {
      "version": "1.3.0",
      "resolved": "https://registry.npmjs.org/mix-tailwindcss/-/mix-tailwindcss-1.3.0.tgz",
      "integrity": "sha512-K76U+TS2wiKOKv8I6muMGbzg+3CrAQaI5cGduMzmjkSLS1GolL4kYSGJCP9LrtjAmFb9vINCzqPDNiNEjoeX3w=="
    }
  }
}
